
Microsoft Visual Studio Solution File, Format Version 12.00
# Visual Studio Version 16
VisualStudioVersion = 16.0.30503.244
MinimumVisualStudioVersion = 10.0.40219.1
Project("{9A19103F-16F7-4668-BE54-9A1E7A4F7556}") = "Friends", "Friends\Friends.csproj", "{CBE2478A-1F55-4AD9-8ECD-E2C0B689FF44}"
EndProject
Project("{9A19103F-16F7-4668-BE54-9A1E7A4F7556}") = "FriendsUnitTests", "FriendsUnitTests\FriendsUnitTests.csproj", "{7A84B7AD-F852-448C-8560-40A960BB55C7}"
EndProject
Project("{E24C65DC-7377-472B-9ABA-BC803B73C61A}") = "Friends React", "Friends React\", "{505C35F4-D312-47F8-8F6D-142730C5E540}"
	ProjectSection(WebsiteProperties) = preProject
		TargetFrameworkMoniker = ".NETFramework,Version%3Dv4.0"
		Debug.AspNetCompiler.VirtualPath = "/localhost_52791"
		Debug.AspNetCompiler.PhysicalPath = "Friends React\"
		Debug.AspNetCompiler.TargetPath = "PrecompiledWeb\localhost_52791\"
		Debug.AspNetCompiler.Updateable = "true"
		Debug.AspNetCompiler.ForceOverwrite = "true"
		Debug.AspNetCompiler.FixedNames = "false"
		Debug.AspNetCompiler.Debug = "True"
		Release.AspNetCompiler.VirtualPath = "/localhost_52791"
		Release.AspNetCompiler.PhysicalPath = "Friends React\"
		Release.AspNetCompiler.TargetPath = "PrecompiledWeb\localhost_52791\"
		Release.AspNetCompiler.Updateable = "true"
		Release.AspNetCompiler.ForceOverwrite = "true"
		Release.AspNetCompiler.FixedNames = "false"
		Release.AspNetCompiler.Debug = "False"
		VWDPort = "52791"
	EndProjectSection
EndProject
Global
	GlobalSection(SolutionConfigurationPlatforms) = preSolution
		Debug|Any CPU = Debug|Any CPU
		Release|Any CPU = Release|Any CPU
	EndGlobalSection
	GlobalSection(ProjectConfigurationPlatforms) = postSolution
		{CBE2478A-1F55-4AD9-8ECD-E2C0B689FF44}.Debug|Any CPU.ActiveCfg = Debug|Any CPU
		{CBE2478A-1F55-4AD9-8ECD-E2C0B689FF44}.Debug|Any CPU.Build.0 = Debug|Any CPU
		{CBE2478A-1F55-4AD9-8ECD-E2C0B689FF44}.Release|Any CPU.ActiveCfg = Release|Any CPU
		{CBE2478A-1F55-4AD9-8ECD-E2C0B689FF44}.Release|Any CPU.Build.0 = Release|Any CPU
		{7A84B7AD-F852-448C-8560-40A960BB55C7}.Debug|Any CPU.ActiveCfg = Debug|Any CPU
		{7A84B7AD-F852-448C-8560-40A960BB55C7}.Debug|Any CPU.Build.0 = Debug|Any CPU
		{7A84B7AD-F852-448C-8560-40A960BB55C7}.Release|Any CPU.ActiveCfg = Release|Any CPU
		{7A84B7AD-F852-448C-8560-40A960BB55C7}.Release|Any CPU.Build.0 = Release|Any CPU
		{505C35F4-D312-47F8-8F6D-142730C5E540}.Debug|Any CPU.ActiveCfg = Debug|Any CPU
		{505C35F4-D312-47F8-8F6D-142730C5E540}.Debug|Any CPU.Build.0 = Debug|Any CPU
		{505C35F4-D312-47F8-8F6D-142730C5E540}.Release|Any CPU.ActiveCfg = Debug|Any CPU
		{505C35F4-D312-47F8-8F6D-142730C5E540}.Release|Any CPU.Build.0 = Debug|Any CPU
	EndGlobalSection
	GlobalSection(SolutionProperties) = preSolution
		HideSolutionNode = FALSE
	EndGlobalSection
	GlobalSection(ExtensibilityGlobals) = postSolution
		SolutionGuid = {3F3E6A1D-1746-4927-9BC7-408FD1A3F974}
	EndGlobalSection
EndGlobal
